
Microsoft Visual Studio Solution File, Format Version 12.00
# Visual Studio 15
Project("{FAE04EC0-301F-11D3-BF4B-00C04F79EFBC}") = "Assembly-CSharp-firstpass", "Assembly-CSharp-firstpass.csproj", "{4DE1F7A9-5F4A-B7EA-A1E2-D57915CD156C}"
EndProject
Project("{FAE04EC0-301F-11D3-BF4B-00C04F79EFBC}") = "Assembly-CSharp", "Assembly-CSharp.csproj", "{48D48953-4A21-DA3A-20AF-D16529599E1F}"
EndProject
Project("{FAE04EC0-301F-11D3-BF4B-00C04F79EFBC}") = "Boxophobic.Utils.Editor", "Boxophobic.Utils.Editor.csproj", "{FEAFDB8C-BC2A-725C-F178-ABFACA139F3A}"
EndProject
Project("{FAE04EC0-301F-11D3-BF4B-00C04F79EFBC}") = "Boxophobic.SkyboxCubemapExtended.Editor", "Boxophobic.SkyboxCubemapExtended.Editor.csproj", "{5E5033AA-6EC9-ADAA-EBCF-8C1F7F848A27}"
EndProject
Project("{FAE04EC0-301F-11D3-BF4B-00C04F79EFBC}") = "Assembly-CSharp-Editor-firstpass", "Assembly-CSharp-Editor-firstpass.csproj", "{A2538C37-A221-6FB8-3463-7C04BDA4046F}"
EndProject
Project("{FAE04EC0-301F-11D3-BF4B-00C04F79EFBC}") = "Boxophobic.Utils.Scripts", "Boxophobic.Utils.Scripts.csproj", "{F180EAEC-37C2-BD48-D8E6-1FFA3A0CF95C}"
EndProject
Project("{FAE04EC0-301F-11D3-BF4B-00C04F79EFBC}") = "Assembly-CSharp-Editor", "Assembly-CSharp-Editor.csproj", "{76413151-E89B-A60D-3592-433DBBBBF408}"
EndProject
Global
	GlobalSection(SolutionConfigurationPlatforms) = preSolution
		Debug|Any CPU = Debug|Any CPU
		Release|Any CPU = Release|Any CPU
	EndGlobalSection
	GlobalSection(ProjectConfigurationPlatforms) = postSolution
		{4DE1F7A9-5F4A-B7EA-A1E2-D57915CD156C}.Debug|Any CPU.ActiveCfg = Debug|Any CPU
		{4DE1F7A9-5F4A-B7EA-A1E2-D57915CD156C}.Debug|Any CPU.Build.0 = Debug|Any CPU
		{4DE1F7A9-5F4A-B7EA-A1E2-D57915CD156C}.Release|Any CPU.ActiveCfg = Release|Any CPU
		{4DE1F7A9-5F4A-B7EA-A1E2-D57915CD156C}.Release|Any CPU.Build.0 = Release|Any CPU
		{48D48953-4A21-DA3A-20AF-D16529599E1F}.Debug|Any CPU.ActiveCfg = Debug|Any CPU
		{48D48953-4A21-DA3A-20AF-D16529599E1F}.Debug|Any CPU.Build.0 = Debug|Any CPU
		{48D48953-4A21-DA3A-20AF-D16529599E1F}.Release|Any CPU.ActiveCfg = Release|Any CPU
		{48D48953-4A21-DA3A-20AF-D16529599E1F}.Release|Any CPU.Build.0 = Release|Any CPU
		{FEAFDB8C-BC2A-725C-F178-ABFACA139F3A}.Debug|Any CPU.ActiveCfg = Debug|Any CPU
		{FEAFDB8C-BC2A-725C-F178-ABFACA139F3A}.Debug|Any CPU.Build.0 = Debug|Any CPU
		{FEAFDB8C-BC2A-725C-F178-ABFACA139F3A}.Release|Any CPU.ActiveCfg = Release|Any CPU
		{FEAFDB8C-BC2A-725C-F178-ABFACA139F3A}.Release|Any CPU.Build.0 = Release|Any CPU
		{5E5033AA-6EC9-ADAA-EBCF-8C1F7F848A27}.Debug|Any CPU.ActiveCfg = Debug|Any CPU
		{5E5033AA-6EC9-ADAA-EBCF-8C1F7F848A27}.Debug|Any CPU.Build.0 = Debug|Any CPU
		{5E5033AA-6EC9-ADAA-EBCF-8C1F7F848A27}.Release|Any CPU.ActiveCfg = Release|Any CPU
		{5E5033AA-6EC9-ADAA-EBCF-8C1F7F848A27}.Release|Any CPU.Build.0 = Release|Any CPU
		{A2538C37-A221-6FB8-3463-7C04BDA4046F}.Debug|Any CPU.ActiveCfg = Debug|Any CPU
		{A2538C37-A221-6FB8-3463-7C04BDA4046F}.Debug|Any CPU.Build.0 = Debug|Any CPU
		{A2538C37-A221-6FB8-3463-7C04BDA4046F}.Release|Any CPU.ActiveCfg = Release|Any CPU
		{A2538C37-A221-6FB8-3463-7C04BDA4046F}.Release|Any CPU.Build.0 = Release|Any CPU
		{F180EAEC-37C2-BD48-D8E6-1FFA3A0CF95C}.Debug|Any CPU.ActiveCfg = Debug|Any CPU
		{F180EAEC-37C2-BD48-D8E6-1FFA3A0CF95C}.Debug|Any CPU.Build.0 = Debug|Any CPU
		{F180EAEC-37C2-BD48-D8E6-1FFA3A0CF95C}.Release|Any CPU.ActiveCfg = Release|Any CPU
		{F180EAEC-37C2-BD48-D8E6-1FFA3A0CF95C}.Release|Any CPU.Build.0 = Release|Any CPU
		{76413151-E89B-A60D-3592-433DBBBBF408}.Debug|Any CPU.ActiveCfg = Debug|Any CPU
		{76413151-E89B-A60D-3592-433DBBBBF408}.Debug|Any CPU.Build.0 = Debug|Any CPU
		{76413151-E89B-A60D-3592-433DBBBBF408}.Release|Any CPU.ActiveCfg = Release|Any CPU
		{76413151-E89B-A60D-3592-433DBBBBF408}.Release|Any CPU.Build.0 = Release|Any CPU
	EndGlobalSection
	GlobalSection(SolutionProperties) = preSolution
		HideSolutionNode = FALSE
	EndGlobalSection
EndGlobal
